PODS:
  - dhplugin (0.1.2):
    - Flutter
  - Flutter (1.0.0)
  - flutter_webview_plugin (0.0.1):
    - Flutter
  - FlutterPluginRegistrant (0.0.1):
    - dhplugin
    - Flutter
    - flutter_webview_plugin

DEPENDENCIES:
  - dhplugin (from `../.ios/Flutter/.symlinks/dhplugin/ios`)
  - Flutter (from `../.ios/Flutter/engine`)
  - flutter_webview_plugin (from `../.ios/Flutter/.symlinks/flutter_webview_plugin/ios`)
  - FlutterPluginRegistrant (from `../.ios/Flutter/FlutterPluginRegistrant`)

EXTERNAL SOURCES:
  dhplugin:
    :path: "../.ios/Flutter/.symlinks/dhplugin/ios"
  Flutter:
    :path: "../.ios/Flutter/engine"
  flutter_webview_plugin:
    :path: "../.ios/Flutter/.symlinks/flutter_webview_plugin/ios"
  FlutterPluginRegistrant:
    :path: "../.ios/Flutter/FlutterPluginRegistrant"

SPEC CHECKSUMS:
  dhplugin: b2d836a68bcc5a4fc074aa8be071aac6b1ac7301
  Flutter: 9d0fac939486c9aba2809b7982dfdbb47a7b0296
  flutter_webview_plugin: 116575b48572029304775b768e9f15ebfc316274
  FlutterPluginRegistrant: e18dc82c06753e8f3443e25a935e9049adf681cc

PODFILE CHECKSUM: db96bdfda6bdbf1a6069339bdf5c97bf592f8107

COCOAPODS: 1.5.3
